// !$*UTF8*$!
{
	archiveVersion = 1;
	classes = {
	};
	objectVersion = 46;
	objects = {

/* Begin PBXBuildFile section */
		234FEA00150457F200C66ADE /* UIKit.framework in Frameworks */ = {isa = PBXBuildFile; fileRef = 234FE9FF150457F200C66ADE /* UIKit.framework */; };
		234FEA02150457F200C66ADE /* Foundation.framework in Frameworks */ = {isa = PBXBuildFile; fileRef = 234FEA01150457F200C66ADE /* Foundation.framework */; };
		234FEA04150457F200C66ADE /* CoreGraphics.framework in Frameworks */ = {isa = PBXBuildFile; fileRef = 234FEA03150457F200C66ADE /* CoreGraphics.framework */; };
		234FEA0A150457F200C66ADE /* InfoPlist.strings in Resources */ = {isa = PBXBuildFile; fileRef = 234FEA08150457F200C66ADE /* InfoPlist.strings */; };
		234FEA0C150457F200C66ADE /* main.m in Sources */ = {isa = PBXBuildFile; fileRef = 234FEA0B150457F200C66ADE /* main.m */; };
		234FEA10150457F200C66ADE /* AppDelegate.m in Sources */ = {isa = PBXBuildFile; fileRef = 234FEA0F150457F200C66ADE /* AppDelegate.m */; };
		234FEA18150457FE00C66ADE /* MainViewController.m in Sources */ = {isa = PBXBuildFile; fileRef = 234FEA17150457FE00C66ADE /* MainViewController.m */; };
		234FEA1E150466BF00C66ADE /* MenuViewController.m in Sources */ = {isa = PBXBuildFile; fileRef = 234FEA1D150466BF00C66ADE /* MenuViewController.m */; };
		234FEA2415047C0000C66ADE /* YBSwipeViewController.m in Sources */ = {isa = PBXBuildFile; fileRef = 234FEA2315047BFF00C66ADE /* YBSwipeViewController.m */; };
		234FEA27150489D700C66ADE /* DetailViewController.m in Sources */ = {isa = PBXBuildFile; fileRef = 234FEA26150489D700C66ADE /* DetailViewController.m */; };
		234FEA2A150498BE00C66ADE /* FuncViewController.m in Sources */ = {isa = PBXBuildFile; fileRef = 234FEA29150498BE00C66ADE /* FuncViewController.m */; };
/* End PBXBuildFile section */

/* Begin PBXFileReference section */
		234FE9FB150457F200C66ADE /* LeftMenuDemo.app */ = {isa = PBXFileReference; explicitFileType = wrapper.application; includeInIndex = 0; path = LeftMenuDemo.app; sourceTree = BUILT_PRODUCTS_DIR; };
		234FE9FF150457F200C66ADE /* UIKit.framework */ = {isa = PBXFileReference; lastKnownFileType = wrapper.framework; name = UIKit.framework; path = System/Library/Frameworks/UIKit.framework; sourceTree = SDKROOT; };
		234FEA01150457F200C66ADE /* Foundation.framework */ = {isa = PBXFileReference; lastKnownFileType = wrapper.framework; name = Foundation.framework; path = System/Library/Frameworks/Foundation.framework; sourceTree = SDKROOT; };
		234FEA03150457F200C66ADE /* CoreGraphics.framework */ = {isa = PBXFileReference; lastKnownFileType = wrapper.framework; name = CoreGraphics.framework; path = System/Library/Frameworks/CoreGraphics.framework; sourceTree = SDKROOT; };
		234FEA07150457F200C66ADE /* LeftMenuDemo-Info.plist */ = {isa = PBXFileReference; lastKnownFileType = text.plist.xml; path = "LeftMenuDemo-Info.plist"; sourceTree = "<group>"; };
		234FEA09150457F200C66ADE /* en */ = {isa = PBXFileReference; lastKnownFileType = text.plist.strings; name = en; path = en.lproj/InfoPlist.strings; sourceTree = "<group>"; };
		234FEA0B150457F200C66ADE /* main.m */ = {isa = PBXFileReference; lastKnownFileType = sourcecode.c.objc; path = main.m; sourceTree = "<group>"; };
		234FEA0D150457F200C66ADE /* LeftMenuDemo-Prefix.pch */ = {isa = PBXFileReference; lastKnownFileType = sourcecode.c.h; path = "LeftMenuDemo-Prefix.pch"; sourceTree = "<group>"; };
		234FEA0E150457F200C66ADE /* AppDelegate.h */ = {isa = PBXFileReference; lastKnownFileType = sourcecode.c.h; path = AppDelegate.h; sourceTree = "<group>"; };
		234FEA0F150457F200C66ADE /* AppDelegate.m */ = {isa = PBXFileReference; lastKnownFileType = sourcecode.c.objc; path = AppDelegate.m; sourceTree = "<group>"; };
		234FEA16150457FE00C66ADE /* MainViewController.h */ = {isa = PBXFileReference; fileEncoding = 4; lastKnownFileType = sourcecode.c.h; path = MainViewController.h; sourceTree = "<group>"; };
		234FEA17150457FE00C66ADE /* MainViewController.m */ = {isa = PBXFileReference; fileEncoding = 4; lastKnownFileType = sourcecode.c.objc; path = MainViewController.m; sourceTree = "<group>"; };
		234FEA1C150466BF00C66ADE /* MenuViewController.h */ = {isa = PBXFileReference; fileEncoding = 4; lastKnownFileType = sourcecode.c.h; path = MenuViewController.h; sourceTree = "<group>"; };
		234FEA1D150466BF00C66ADE /* MenuViewController.m */ = {isa = PBXFileReference; fileEncoding = 4; lastKnownFileType = sourcecode.c.objc; path = MenuViewController.m; sourceTree = "<group>"; };
		234FEA2215047BFF00C66ADE /* YBSwipeViewController.h */ = {isa = PBXFileReference; fileEncoding = 4; lastKnownFileType = sourcecode.c.h; path = YBSwipeViewController.h; sourceTree = "<group>"; };
		234FEA2315047BFF00C66ADE /* YBSwipeViewController.m */ = {isa = PBXFileReference; fileEncoding = 4; lastKnownFileType = sourcecode.c.objc; path = YBSwipeViewController.m; sourceTree = "<group>"; };
		234FEA25150489D700C66ADE /* DetailViewController.h */ = {isa = PBXFileReference; fileEncoding = 4; lastKnownFileType = sourcecode.c.h; path = DetailViewController.h; sourceTree = "<group>"; };
		234FEA26150489D700C66ADE /* DetailViewController.m */ = {isa = PBXFileReference; fileEncoding = 4; lastKnownFileType = sourcecode.c.objc; path = DetailViewController.m; sourceTree = "<group>"; };
		234FEA28150498BE00C66ADE /* FuncViewController.h */ = {isa = PBXFileReference; fileEncoding = 4; lastKnownFileType = sourcecode.c.h; path = FuncViewController.h; sourceTree = "<group>"; };
		234FEA29150498BE00C66ADE /* FuncViewController.m */ = {isa = PBXFileReference; fileEncoding = 4; lastKnownFileType = sourcecode.c.objc; path = FuncViewController.m; sourceTree = "<group>"; };
/* End PBXFileReference section */

/* Begin PBXFrameworksBuildPhase section */
		234FE9F8150457F200C66ADE /* Frameworks */ = {
			isa = PBXFrameworksBuildPhase;
			buildActionMask = 2147483647;
			files = (
				234FEA00150457F200C66ADE /* UIKit.framework in Frameworks */,
				234FEA02150457F200C66ADE /* Foundation.framework in Frameworks */,
				234FEA04150457F200C66ADE /* CoreGraphics.framework in Frameworks */,
			);
			runOnlyForDeploymentPostprocessing = 0;
		};
/* End PBXFrameworksBuildPhase section */

/* Begin PBXGroup section */
		234FE9F0150457F200C66ADE = {
			isa = PBXGroup;
			children = (
				234FEA05150457F200C66ADE /* LeftMenuDemo */,
				234FE9FE150457F200C66ADE /* Frameworks */,
				234FE9FC150457F200C66ADE /* Products */,
			);
			sourceTree = "<group>";
		};
		234FE9FC150457F200C66ADE /* Products */ = {
			isa = PBXGroup;
			children = (
				234FE9FB150457F200C66ADE /* LeftMenuDemo.app */,
			);
			name = Products;
			sourceTree = "<group>";
		};
		234FE9FE150457F200C66ADE /* Frameworks */ = {
			isa = PBXGroup;
			children = (
				234FE9FF150457F200C66ADE /* UIKit.framework */,
				234FEA01150457F200C66ADE /* Foundation.framework */,
				234FEA03150457F200C66ADE /* CoreGraphics.framework */,
			);
			name = Frameworks;
			sourceTree = "<group>";
		};
		234FEA05150457F200C66ADE /* LeftMenuDemo */ = {
			isa = PBXGroup;
			children = (
				234FEA0E150457F200C66ADE /* AppDelegate.h */,
				234FEA0F150457F200C66ADE /* AppDelegate.m */,
				234FEA06150457F200C66ADE /* Supporting Files */,
				234FEA16150457FE00C66ADE /* MainViewController.h */,
				234FEA17150457FE00C66ADE /* MainViewController.m */,
				234FEA1C150466BF00C66ADE /* MenuViewController.h */,
				234FEA1D150466BF00C66ADE /* MenuViewController.m */,
				234FEA2215047BFF00C66ADE /* YBSwipeViewController.h */,
				234FEA2315047BFF00C66ADE /* YBSwipeViewController.m */,
				234FEA25150489D700C66ADE /* DetailViewController.h */,
				234FEA26150489D700C66ADE /* DetailViewController.m */,
				234FEA28150498BE00C66ADE /* FuncViewController.h */,
				234FEA29150498BE00C66ADE /* FuncViewController.m */,
			);
			path = LeftMenuDemo;
			sourceTree = "<group>";
		};
		234FEA06150457F200C66ADE /* Supporting Files */ = {
			isa = PBXGroup;
			children = (
				234FEA07150457F200C66ADE /* LeftMenuDemo-Info.plist */,
				234FEA08150457F200C66ADE /* InfoPlist.strings */,
				234FEA0B150457F200C66ADE /* main.m */,
				234FEA0D150457F200C66ADE /* LeftMenuDemo-Prefix.pch */,
			);
			name = "Supporting Files";
			sourceTree = "<group>";
		};
/* End PBXGroup section */

/* Begin PBXNativeTarget section */
		234FE9FA150457F200C66ADE /* LeftMenuDemo */ = {
			isa = PBXNativeTarget;
			buildConfigurationList = 234FEA13150457F200C66ADE /* Build configuration list for PBXNativeTarget "LeftMenuDemo" */;
			buildPhases = (
				234FE9F7150457F200C66ADE /* Sources */,
				234FE9F8150457F200C66ADE /* Frameworks */,
				234FE9F9150457F200C66ADE /* Resources */,
			);
			buildRules = (
			);
			dependencies = (
			);
			name = LeftMenuDemo;
			productName = LeftMenuDemo;
			productReference = 234FE9FB150457F200C66ADE /* LeftMenuDemo.app */;
			productType = "com.apple.product-type.application";
		};
/* End PBXNativeTarget section */

/* Begin PBXProject section */
		234FE9F2150457F200C66ADE /* Project object */ = {
			isa = PBXProject;
			attributes = {
				LastUpgradeCheck = 0430;
			};
			buildConfigurationList = 234FE9F5150457F200C66ADE /* Build configuration list for PBXProject "LeftMenuDemo" */;
			compatibilityVersion = "Xcode 3.2";
			developmentRegion = English;
			hasScannedForEncodings = 0;
			knownRegions = (
				en,
			);
			mainGroup = 234FE9F0150457F200C66ADE;
			productRefGroup = 234FE9FC150457F200C66ADE /* Products */;
			projectDirPath = "";
			projectRoot = "";
			targets = (
				234FE9FA150457F200C66ADE /* LeftMenuDemo */,
			);
		};
/* End PBXProject section */

/* Begin PBXResourcesBuildPhase section */
		234FE9F9150457F200C66ADE /* Resources */ = {
			isa = PBXResourcesBuildPhase;
			buildActionMask = 2147483647;
			files = (
				234FEA0A150457F200C66ADE /* InfoPlist.strings in Resources */,
			);
			runOnlyForDeploymentPostprocessing = 0;
		};
/* End PBXResourcesBuildPhase section */

/* Begin PBXSourcesBuildPhase section */
		234FE9F7150457F200C66ADE /* Sources */ = {
			isa = PBXSourcesBuildPhase;
			buildActionMask = 2147483647;
			files = (
				234FEA0C150457F200C66ADE /* main.m in Sources */,
				234FEA10150457F200C66ADE /* AppDelegate.m in Sources */,
				234FEA18150457FE00C66ADE /* MainViewController.m in Sources */,
				234FEA1E150466BF00C66ADE /* MenuViewController.m in Sources */,
				234FEA2415047C0000C66ADE /* YBSwipeViewController.m in Sources */,
				234FEA27150489D700C66ADE /* DetailViewController.m in Sources */,
				234FEA2A150498BE00C66ADE /* FuncViewController.m in Sources */,
			);
			runOnlyForDeploymentPostprocessing = 0;
		};
/* End PBXSourcesBuildPhase section */

/* Begin PBXVariantGroup section */
		234FEA08150457F200C66ADE /* InfoPlist.strings */ = {
			isa = PBXVariantGroup;
			children = (
				234FEA09150457F200C66ADE /* en */,
			);
			name = InfoPlist.strings;
			sourceTree = "<group>";
		};
/* End PBXVariantGroup section */

/* Begin XCBuildConfiguration section */
		234FEA11150457F200C66ADE /* Debug */ = {
			isa = XCBuildConfiguration;
			buildSettings = {
				ALWAYS_SEARCH_USER_PATHS = NO;
				ARCHS = "$(ARCHS_STANDARD_32_BIT)";
				"CODE_SIGN_IDENTITY[sdk=iphoneos*]" = "iPhone Developer";
				COPY_PHASE_STRIP = NO;
				GCC_C_LANGUAGE_STANDARD = gnu99;
				GCC_DYNAMIC_NO_PIC = NO;
				GCC_OPTIMIZATION_LEVEL = 0;
				GCC_PREPROCESSOR_DEFINITIONS = (
					"DEBUG=1",
					"$(inherited)",
				);
				GCC_SYMBOLS_PRIVATE_EXTERN = NO;
				GCC_VERSION = com.apple.compilers.llvm.clang.1_0;
				GCC_WARN_ABOUT_RETURN_TYPE = YES;
				GCC_WARN_UNINITIALIZED_AUTOS = YES;
				GCC_WARN_UNUSED_VARIABLE = YES;
				IPHONEOS_DEPLOYMENT_TARGET = 5.1;
				SDKROOT = iphoneos;
			};
			name = Debug;
		};
		234FEA12150457F200C66ADE /* Release */ = {
			isa = XCBuildConfiguration;
			buildSettings = {
				ALWAYS_SEARCH_USER_PATHS = NO;
				ARCHS = "$(ARCHS_STANDARD_32_BIT)";
				"CODE_SIGN_IDENTITY[sdk=iphoneos*]" = "iPhone Developer";
				COPY_PHASE_STRIP = YES;
				GCC_C_LANGUAGE_STANDARD = gnu99;
				GCC_VERSION = com.apple.compilers.llvm.clang.1_0;
				GCC_WARN_ABOUT_RETURN_TYPE = YES;
				GCC_WARN_UNINITIALIZED_AUTOS = YES;
				GCC_WARN_UNUSED_VARIABLE = YES;
				IPHONEOS_DEPLOYMENT_TARGET = 5.1;
				OTHER_CFLAGS = "-DNS_BLOCK_ASSERTIONS=1";
				SDKROOT = iphoneos;
				VALIDATE_PRODUCT = YES;
			};
			name = Release;
		};
		234FEA14150457F200C66ADE /* Debug */ = {
			isa = XCBuildConfiguration;
			buildSettings = {
				GCC_PRECOMPILE_PREFIX_HEADER = YES;
				GCC_PREFIX_HEADER = "LeftMenuDemo/LeftMenuDemo-Prefix.pch";
				INFOPLIST_FILE = "LeftMenuDemo/LeftMenuDemo-Info.plist";
				IPHONEOS_DEPLOYMENT_TARGET = 4.2;
				PRODUCT_NAME = "$(TARGET_NAME)";
				WRAPPER_EXTENSION = app;
			};
			name = Debug;
		};
		234FEA15150457F200C66ADE /* Release */ = {
			isa = XCBuildConfiguration;
			buildSettings = {
				GCC_PRECOMPILE_PREFIX_HEADER = YES;
				GCC_PREFIX_HEADER = "LeftMenuDemo/LeftMenuDemo-Prefix.pch";
				INFOPLIST_FILE = "LeftMenuDemo/LeftMenuDemo-Info.plist";
				IPHONEOS_DEPLOYMENT_TARGET = 4.2;
				PRODUCT_NAME = "$(TARGET_NAME)";
				WRAPPER_EXTENSION = app;
			};
			name = Release;
		};
/* End XCBuildConfiguration section */

/* Begin XCConfigurationList section */
		234FE9F5150457F200C66ADE /* Build configuration list for PBXProject "LeftMenuDemo" */ = {
			isa = XCConfigurationList;
			buildConfigurations = (
				234FEA11150457F200C66ADE /* Debug */,
				234FEA12150457F200C66ADE /* Release */,
			);
			defaultConfigurationIsVisible = 0;
			defaultConfigurationName = Release;
		};
		234FEA13150457F200C66ADE /* Build configuration list for PBXNativeTarget "LeftMenuDemo" */ = {
			isa = XCConfigurationList;
			buildConfigurations = (
				234FEA14150457F200C66ADE /* Debug */,
				234FEA15150457F200C66ADE /* Release */,
			);
			defaultConfigurationIsVisible = 0;
		};
/* End XCConfigurationList section */
	};
	rootObject = 234FE9F2150457F200C66ADE /* Project object */;
}
